// !$*UTF8*$!
{
	archiveVersion = 1;
	classes = {
	};
	objectVersion = 56;
	objects = {

/* Begin PBXBuildFile section */
		800E7FC229CE63D8008E3790 /* finalProjectG11App.swift in Sources */ = {isa = PBXBuildFile; fileRef = 800E7FC129CE63D8008E3790 /* finalProjectG11App.swift */; };
		800E7FC429CE63D8008E3790 /* ContentView.swift in Sources */ = {isa = PBXBuildFile; fileRef = 800E7FC329CE63D8008E3790 /* ContentView.swift */; };
		800E7FC629CE63D9008E3790 /* Assets.xcassets in Resources */ = {isa = PBXBuildFile; fileRef = 800E7FC529CE63D9008E3790 /* Assets.xcassets */; };
		800E7FC929CE63D9008E3790 /* Preview Assets.xcassets in Resources */ = {isa = PBXBuildFile; fileRef = 800E7FC829CE63D9008E3790 /* Preview Assets.xcassets */; };
		800E7FD029CE6479008E3790 /* GoogleService-Info.plist in Resources */ = {isa = PBXBuildFile; fileRef = 800E7FCF29CE6479008E3790 /* GoogleService-Info.plist */; };
		800E7FD329CE64EC008E3790 /* FirebaseAnalytics in Frameworks */ = {isa = PBXBuildFile; productRef = 800E7FD229CE64EC008E3790 /* FirebaseAnalytics */; };
		800E7FD529CE64EC008E3790 /* FirebaseAnalyticsSwift in Frameworks */ = {isa = PBXBuildFile; productRef = 800E7FD429CE64EC008E3790 /* FirebaseAnalyticsSwift */; };
		800E7FD729CE64EC008E3790 /* FirebaseAuth in Frameworks */ = {isa = PBXBuildFile; productRef = 800E7FD629CE64EC008E3790 /* FirebaseAuth */; };
		800E7FD929CE64EC008E3790 /* FirebaseDatabase in Frameworks */ = {isa = PBXBuildFile; productRef = 800E7FD829CE64EC008E3790 /* FirebaseDatabase */; };
		800E7FDB29CE64EC008E3790 /* FirebaseDatabaseSwift in Frameworks */ = {isa = PBXBuildFile; productRef = 800E7FDA29CE64EC008E3790 /* FirebaseDatabaseSwift */; };
		800E7FDD29CE64EC008E3790 /* FirebaseFirestore in Frameworks */ = {isa = PBXBuildFile; productRef = 800E7FDC29CE64EC008E3790 /* FirebaseFirestore */; };
		800E7FDF29CE64EC008E3790 /* FirebaseFirestoreSwift in Frameworks */ = {isa = PBXBuildFile; productRef = 800E7FDE29CE64EC008E3790 /* FirebaseFirestoreSwift */; };
		800E7FE129CE64EC008E3790 /* FirebaseInAppMessaging-Beta in Frameworks */ = {isa = PBXBuildFile; productRef = 800E7FE029CE64EC008E3790 /* FirebaseInAppMessaging-Beta */; };
		800E7FE329CE64EC008E3790 /* FirebaseInAppMessagingSwift-Beta in Frameworks */ = {isa = PBXBuildFile; productRef = 800E7FE229CE64EC008E3790 /* FirebaseInAppMessagingSwift-Beta */; };
		800E7FE529CE64EC008E3790 /* FirebaseMessaging in Frameworks */ = {isa = PBXBuildFile; productRef = 800E7FE429CE64EC008E3790 /* FirebaseMessaging */; };
		800E7FE729CE64EC008E3790 /* FirebaseStorage in Frameworks */ = {isa = PBXBuildFile; productRef = 800E7FE629CE64EC008E3790 /* FirebaseStorage */; };
		800E7FEC29CE6577008E3790 /* SignUpView.swift in Sources */ = {isa = PBXBuildFile; fileRef = 800E7FEB29CE6577008E3790 /* SignUpView.swift */; };
		800E7FEF29CE67AC008E3790 /* FirebaseAuthCombine-Community in Frameworks */ = {isa = PBXBuildFile; productRef = 800E7FEE29CE67AC008E3790 /* FirebaseAuthCombine-Community */; };
		800E7FF229CE6C46008E3790 /* GoogleSignIn in Frameworks */ = {isa = PBXBuildFile; productRef = 800E7FF129CE6C46008E3790 /* GoogleSignIn */; };
		800E7FF429CE6C46008E3790 /* GoogleSignInSwift in Frameworks */ = {isa = PBXBuildFile; productRef = 800E7FF329CE6C46008E3790 /* GoogleSignInSwift */; };
		800E7FF629CE878E008E3790 /* MainView.swift in Sources */ = {isa = PBXBuildFile; fileRef = 800E7FF529CE878E008E3790 /* MainView.swift */; };
		800E7FF829CE87B7008E3790 /* RootView.swift in Sources */ = {isa = PBXBuildFile; fileRef = 800E7FF729CE87B7008E3790 /* RootView.swift */; };
		800E7FFA29CE894A008E3790 /* SignInView.swift in Sources */ = {isa = PBXBuildFile; fileRef = 800E7FF929CE894A008E3790 /* SignInView.swift */; };
		800E7FFC29CE89DF008E3790 /* FindRidesView.swift in Sources */ = {isa = PBXBuildFile; fileRef = 800E7FFB29CE89DF008E3790 /* FindRidesView.swift */; };
		800E7FFE29CE9103008E3790 /* FireAuthHelper.swift in Sources */ = {isa = PBXBuildFile; fileRef = 800E7FFD29CE9103008E3790 /* FireAuthHelper.swift */; };
		8081B5A129D56DA9001DD1FE /* TripsHistoryListView.swift in Sources */ = {isa = PBXBuildFile; fileRef = 8081B5A029D56DA9001DD1FE /* TripsHistoryListView.swift */; };
		8081B5A329D56E72001DD1FE /* BookingHistoryListView.swift in Sources */ = {isa = PBXBuildFile; fileRef = 8081B5A229D56E72001DD1FE /* BookingHistoryListView.swift */; };
		8F3BFEAA29D520AC00B3F210 /* LocationType.swift in Sources */ = {isa = PBXBuildFile; fileRef = 8F3BFEA929D520AC00B3F210 /* LocationType.swift */; };
		8F8648E429D27DEF00480C5A /* AddCarView.swift in Sources */ = {isa = PBXBuildFile; fileRef = 8F8648E329D27DEF00480C5A /* AddCarView.swift */; };
		8F8648E629D28E7000480C5A /* LocationHelper.swift in Sources */ = {isa = PBXBuildFile; fileRef = 8F8648E529D28E7000480C5A /* LocationHelper.swift */; };
		8F8648E829D28EC200480C5A /* RideLocation.swift in Sources */ = {isa = PBXBuildFile; fileRef = 8F8648E729D28EC200480C5A /* RideLocation.swift */; };
		8FC6D76B29D2349E00E5D6C6 /* CreateTripView.swift in Sources */ = {isa = PBXBuildFile; fileRef = 8FC6D76A29D2349E00E5D6C6 /* CreateTripView.swift */; };
		8FC6D76E29D241CB00E5D6C6 /* ProfileView.swift in Sources */ = {isa = PBXBuildFile; fileRef = 8FC6D76D29D241CB00E5D6C6 /* ProfileView.swift */; };
		8FC6D77029D2528900E5D6C6 /* FireDBHelper.swift in Sources */ = {isa = PBXBuildFile; fileRef = 8FC6D76F29D2528900E5D6C6 /* FireDBHelper.swift */; };
		8FE28C5329D127DF00A3FDEC /* AccountView.swift in Sources */ = {isa = PBXBuildFile; fileRef = 8FE28C5229D127DF00A3FDEC /* AccountView.swift */; };
		8FE28C5629D1478100A3FDEC /* CustomButton.swift in Sources */ = {isa = PBXBuildFile; fileRef = 8FE28C5529D1478100A3FDEC /* CustomButton.swift */; };
		8FE28C5829D1493B00A3FDEC /* TripsListView.swift in Sources */ = {isa = PBXBuildFile; fileRef = 8FE28C5729D1493B00A3FDEC /* TripsListView.swift */; };
		8FE28C5A29D1574B00A3FDEC /* TripItemView.swift in Sources */ = {isa = PBXBuildFile; fileRef = 8FE28C5929D1574B00A3FDEC /* TripItemView.swift */; };
		8FE28C5C29D15B4700A3FDEC /* TripDetailView.swift in Sources */ = {isa = PBXBuildFile; fileRef = 8FE28C5B29D15B4700A3FDEC /* TripDetailView.swift */; };
		8FE28C5E29D15F9700A3FDEC /* Trip.swift in Sources */ = {isa = PBXBuildFile; fileRef = 8FE28C5D29D15F9700A3FDEC /* Trip.swift */; };
		8FE28C6029D15FC800A3FDEC /* RideShareUser.swift in Sources */ = {isa = PBXBuildFile; fileRef = 8FE28C5F29D15FC800A3FDEC /* RideShareUser.swift */; };
		8FE28C6229D162CB00A3FDEC /* Car.swift in Sources */ = {isa = PBXBuildFile; fileRef = 8FE28C6129D162CB00A3FDEC /* Car.swift */; };
/* End PBXBuildFile section */

/* Begin PBXFileReference section */
		800E7FBE29CE63D8008E3790 /* finalProjectG11.app */ = {isa = PBXFileReference; explicitFileType = wrapper.application; includeInIndex = 0; path = finalProjectG11.app; sourceTree = BUILT_PRODUCTS_DIR; };
		800E7FC129CE63D8008E3790 /* finalProjectG11App.swift */ = {isa = PBXFileReference; lastKnownFileType = sourcecode.swift; path = finalProjectG11App.swift; sourceTree = "<group>"; };
		800E7FC329CE63D8008E3790 /* ContentView.swift */ = {isa = PBXFileReference; lastKnownFileType = sourcecode.swift; path = ContentView.swift; sourceTree = "<group>"; };
		800E7FC529CE63D9008E3790 /* Assets.xcassets */ = {isa = PBXFileReference; lastKnownFileType = folder.assetcatalog; path = Assets.xcassets; sourceTree = "<group>"; };
		800E7FC829CE63D9008E3790 /* Preview Assets.xcassets */ = {isa = PBXFileReference; lastKnownFileType = folder.assetcatalog; path = "Preview Assets.xcassets"; sourceTree = "<group>"; };
		800E7FCF29CE6479008E3790 /* GoogleService-Info.plist */ = {isa = PBXFileReference; fileEncoding = 4; lastKnownFileType = text.plist.xml; path = "GoogleService-Info.plist"; sourceTree = "<group>"; };
		800E7FEB29CE6577008E3790 /* SignUpView.swift */ = {isa = PBXFileReference; lastKnownFileType = sourcecode.swift; path = SignUpView.swift; sourceTree = "<group>"; };
		800E7FF529CE878E008E3790 /* MainView.swift */ = {isa = PBXFileReference; lastKnownFileType = sourcecode.swift; path = MainView.swift; sourceTree = "<group>"; };
		800E7FF729CE87B7008E3790 /* RootView.swift */ = {isa = PBXFileReference; lastKnownFileType = sourcecode.swift; path = RootView.swift; sourceTree = "<group>"; };
		800E7FF929CE894A008E3790 /* SignInView.swift */ = {isa = PBXFileReference; lastKnownFileType = sourcecode.swift; path = SignInView.swift; sourceTree = "<group>"; };
		800E7FFB29CE89DF008E3790 /* FindRidesView.swift */ = {isa = PBXFileReference; lastKnownFileType = sourcecode.swift; path = FindRidesView.swift; sourceTree = "<group>"; };
		800E7FFD29CE9103008E3790 /* FireAuthHelper.swift */ = {isa = PBXFileReference; lastKnownFileType = sourcecode.swift; path = FireAuthHelper.swift; sourceTree = "<group>"; };
		8081B5A029D56DA9001DD1FE /* TripsHistoryListView.swift */ = {isa = PBXFileReference; lastKnownFileType = sourcecode.swift; path = TripsHistoryListView.swift; sourceTree = "<group>"; };
		8081B5A229D56E72001DD1FE /* BookingHistoryListView.swift */ = {isa = PBXFileReference; lastKnownFileType = sourcecode.swift; path = BookingHistoryListView.swift; sourceTree = "<group>"; };
		8F3BFEA929D520AC00B3F210 /* LocationType.swift */ = {isa = PBXFileReference; lastKnownFileType = sourcecode.swift; path = LocationType.swift; sourceTree = "<group>"; };
		8F8648E329D27DEF00480C5A /* AddCarView.swift */ = {isa = PBXFileReference; lastKnownFileType = sourcecode.swift; path = AddCarView.swift; sourceTree = "<group>"; };
		8F8648E529D28E7000480C5A /* LocationHelper.swift */ = {isa = PBXFileReference; lastKnownFileType = sourcecode.swift; path = LocationHelper.swift; sourceTree = "<group>"; };
		8F8648E729D28EC200480C5A /* RideLocation.swift */ = {isa = PBXFileReference; lastKnownFileType = sourcecode.swift; path = RideLocation.swift; sourceTree = "<group>"; };
		8FC6D76A29D2349E00E5D6C6 /* CreateTripView.swift */ = {isa = PBXFileReference; lastKnownFileType = sourcecode.swift; path = CreateTripView.swift; sourceTree = "<group>"; };
		8FC6D76D29D241CB00E5D6C6 /* ProfileView.swift */ = {isa = PBXFileReference; lastKnownFileType = sourcecode.swift; path = ProfileView.swift; sourceTree = "<group>"; };
		8FC6D76F29D2528900E5D6C6 /* FireDBHelper.swift */ = {isa = PBXFileReference; lastKnownFileType = sourcecode.swift; path = FireDBHelper.swift; sourceTree = "<group>"; };
		8FE28C5229D127DF00A3FDEC /* AccountView.swift */ = {isa = PBXFileReference; lastKnownFileType = sourcecode.swift; path = AccountView.swift; sourceTree = "<group>"; };
		8FE28C5529D1478100A3FDEC /* CustomButton.swift */ = {isa = PBXFileReference; lastKnownFileType = sourcecode.swift; path = CustomButton.swift; sourceTree = "<group>"; };
		8FE28C5729D1493B00A3FDEC /* TripsListView.swift */ = {isa = PBXFileReference; lastKnownFileType = sourcecode.swift; path = TripsListView.swift; sourceTree = "<group>"; };
		8FE28C5929D1574B00A3FDEC /* TripItemView.swift */ = {isa = PBXFileReference; lastKnownFileType = sourcecode.swift; path = TripItemView.swift; sourceTree = "<group>"; };
		8FE28C5B29D15B4700A3FDEC /* TripDetailView.swift */ = {isa = PBXFileReference; lastKnownFileType = sourcecode.swift; path = TripDetailView.swift; sourceTree = "<group>"; };
		8FE28C5D29D15F9700A3FDEC /* Trip.swift */ = {isa = PBXFileReference; lastKnownFileType = sourcecode.swift; path = Trip.swift; sourceTree = "<group>"; };
		8FE28C5F29D15FC800A3FDEC /* RideShareUser.swift */ = {isa = PBXFileReference; lastKnownFileType = sourcecode.swift; path = RideShareUser.swift; sourceTree = "<group>"; };
		8FE28C6129D162CB00A3FDEC /* Car.swift */ = {isa = PBXFileReference; lastKnownFileType = sourcecode.swift; path = Car.swift; sourceTree = "<group>"; };
/* End PBXFileReference section */

/* Begin PBXFrameworksBuildPhase section */
		800E7FBB29CE63D8008E3790 /* Frameworks */ = {
			isa = PBXFrameworksBuildPhase;
			buildActionMask = 2147483647;
			files = (
				800E7FDB29CE64EC008E3790 /* FirebaseDatabaseSwift in Frameworks */,
				800E7FD529CE64EC008E3790 /* FirebaseAnalyticsSwift in Frameworks */,
				800E7FE529CE64EC008E3790 /* FirebaseMessaging in Frameworks */,
				800E7FF229CE6C46008E3790 /* GoogleSignIn in Frameworks */,
				800E7FD729CE64EC008E3790 /* FirebaseAuth in Frameworks */,
				800E7FE129CE64EC008E3790 /* FirebaseInAppMessaging-Beta in Frameworks */,
				800E7FDF29CE64EC008E3790 /* FirebaseFirestoreSwift in Frameworks */,
				800E7FD929CE64EC008E3790 /* FirebaseDatabase in Frameworks */,
				800E7FEF29CE67AC008E3790 /* FirebaseAuthCombine-Community in Frameworks */,
				800E7FF429CE6C46008E3790 /* GoogleSignInSwift in Frameworks */,
				800E7FD329CE64EC008E3790 /* FirebaseAnalytics in Frameworks */,
				800E7FE729CE64EC008E3790 /* FirebaseStorage in Frameworks */,
				800E7FE329CE64EC008E3790 /* FirebaseInAppMessagingSwift-Beta in Frameworks */,
				800E7FDD29CE64EC008E3790 /* FirebaseFirestore in Frameworks */,
			);
			runOnlyForDeploymentPostprocessing = 0;
		};
/* End PBXFrameworksBuildPhase section */

/* Begin PBXGroup section */
		800E7FB529CE63D8008E3790 = {
			isa = PBXGroup;
			children = (
				800E7FCF29CE6479008E3790 /* GoogleService-Info.plist */,
				800E7FC029CE63D8008E3790 /* finalProjectG11 */,
				800E7FBF29CE63D8008E3790 /* Products */,
				800E7FED29CE67AC008E3790 /* Frameworks */,
			);
			sourceTree = "<group>";
		};
		800E7FBF29CE63D8008E3790 /* Products */ = {
			isa = PBXGroup;
			children = (
				800E7FBE29CE63D8008E3790 /* finalProjectG11.app */,
			);
			name = Products;
			sourceTree = "<group>";
		};
		800E7FC029CE63D8008E3790 /* finalProjectG11 */ = {
			isa = PBXGroup;
			children = (
				800E7FEA29CE650D008E3790 /* Controllers */,
				800E7FE929CE6503008E3790 /* Models */,
				800E7FE829CE64FA008E3790 /* Views */,
				800E7FC129CE63D8008E3790 /* finalProjectG11App.swift */,
				800E7FC529CE63D9008E3790 /* Assets.xcassets */,
				800E7FC729CE63D9008E3790 /* Preview Content */,
			);
			path = finalProjectG11;
			sourceTree = "<group>";
		};
		800E7FC729CE63D9008E3790 /* Preview Content */ = {
			isa = PBXGroup;
			children = (
				800E7FC829CE63D9008E3790 /* Preview Assets.xcassets */,
			);
			path = "Preview Content";
			sourceTree = "<group>";
		};
		800E7FE829CE64FA008E3790 /* Views */ = {
			isa = PBXGroup;
			children = (
				8FC6D77329D262F500E5D6C6 /* TripsViews */,
				8FC6D77229D262A600E5D6C6 /* TabViews */,
				8FC6D77129D2628500E5D6C6 /* AuthenticationViews */,
				8FC6D76C29D241B400E5D6C6 /* AccountOptinsView */,
				800E7FC329CE63D8008E3790 /* ContentView.swift */,
				8FE28C5529D1478100A3FDEC /* CustomButton.swift */,
				800E7FF529CE878E008E3790 /* MainView.swift */,
			);
			path = Views;
			sourceTree = "<group>";
		};
		800E7FE929CE6503008E3790 /* Models */ = {
			isa = PBXGroup;
			children = (
				800E7FF729CE87B7008E3790 /* RootView.swift */,
				8FE28C5D29D15F9700A3FDEC /* Trip.swift */,
				8FE28C5F29D15FC800A3FDEC /* RideShareUser.swift */,
				8FE28C6129D162CB00A3FDEC /* Car.swift */,
				8F8648E729D28EC200480C5A /* RideLocation.swift */,
				8F3BFEA929D520AC00B3F210 /* LocationType.swift */,
			);
			path = Models;
			sourceTree = "<group>";
		};
		800E7FEA29CE650D008E3790 /* Controllers */ = {
			isa = PBXGroup;
			children = (
				800E7FFD29CE9103008E3790 /* FireAuthHelper.swift */,
				8FC6D76F29D2528900E5D6C6 /* FireDBHelper.swift */,
				8F8648E529D28E7000480C5A /* LocationHelper.swift */,
			);
			path = Controllers;
			sourceTree = "<group>";
		};
		800E7FED29CE67AC008E3790 /* Frameworks */ = {
			isa = PBXGroup;
			children = (
			);
			name = Frameworks;
			sourceTree = "<group>";
		};
		8F8648E229D27DD400480C5A /* CarViews */ = {
			isa = PBXGroup;
			children = (
				8FC6D76D29D241CB00E5D6C6 /* ProfileView.swift */,
				8F8648E329D27DEF00480C5A /* AddCarView.swift */,
			);
			path = CarViews;
			sourceTree = "<group>";
		};
		8FC6D76C29D241B400E5D6C6 /* AccountOptinsView */ = {
			isa = PBXGroup;
			children = (
				8F8648E229D27DD400480C5A /* CarViews */,
			);
			path = AccountOptinsView;
			sourceTree = "<group>";
		};
		8FC6D77129D2628500E5D6C6 /* AuthenticationViews */ = {
			isa = PBXGroup;
			children = (
				800E7FF929CE894A008E3790 /* SignInView.swift */,
				800E7FEB29CE6577008E3790 /* SignUpView.swift */,
			);
			path = AuthenticationViews;
			sourceTree = "<group>";
		};
		8FC6D77229D262A600E5D6C6 /* TabViews */ = {
			isa = PBXGroup;
			children = (
				8FC6D76A29D2349E00E5D6C6 /* CreateTripView.swift */,
				800E7FFB29CE89DF008E3790 /* FindRidesView.swift */,
				8FE28C5229D127DF00A3FDEC /* AccountView.swift */,
			);
			path = TabViews;
			sourceTree = "<group>";
		};
		8FC6D77329D262F500E5D6C6 /* TripsViews */ = {
			isa = PBXGroup;
			children = (
				8FE28C5929D1574B00A3FDEC /* TripItemView.swift */,
				8FE28C5729D1493B00A3FDEC /* TripsListView.swift */,
				8FE28C5B29D15B4700A3FDEC /* TripDetailView.swift */,
				8081B5A029D56DA9001DD1FE /* TripsHistoryListView.swift */,
				8081B5A229D56E72001DD1FE /* BookingHistoryListView.swift */,
			);
			path = TripsViews;
			sourceTree = "<group>";
		};
/* End PBXGroup section */

/* Begin PBXNativeTarget section */
		800E7FBD29CE63D8008E3790 /* finalProjectG11 */ = {
			isa = PBXNativeTarget;
			buildConfigurationList = 800E7FCC29CE63D9008E3790 /* Build configuration list for PBXNativeTarget "finalProjectG11" */;
			buildPhases = (
				800E7FBA29CE63D8008E3790 /* Sources */,
				800E7FBB29CE63D8008E3790 /* Frameworks */,
				800E7FBC29CE63D8008E3790 /* Resources */,
			);
			buildRules = (
			);
			dependencies = (
			);
			name = finalProjectG11;
			packageProductDependencies = (
				800E7FD229CE64EC008E3790 /* FirebaseAnalytics */,
				800E7FD429CE64EC008E3790 /* FirebaseAnalyticsSwift */,
				800E7FD629CE64EC008E3790 /* FirebaseAuth */,
				800E7FD829CE64EC008E3790 /* FirebaseDatabase */,
				800E7FDA29CE64EC008E3790 /* FirebaseDatabaseSwift */,
				800E7FDC29CE64EC008E3790 /* FirebaseFirestore */,
				800E7FDE29CE64EC008E3790 /* FirebaseFirestoreSwift */,
				800E7FE029CE64EC008E3790 /* FirebaseInAppMessaging-Beta */,
				800E7FE229CE64EC008E3790 /* FirebaseInAppMessagingSwift-Beta */,
				800E7FE429CE64EC008E3790 /* FirebaseMessaging */,
				800E7FE629CE64EC008E3790 /* FirebaseStorage */,
				800E7FEE29CE67AC008E3790 /* FirebaseAuthCombine-Community */,
				800E7FF129CE6C46008E3790 /* GoogleSignIn */,
				800E7FF329CE6C46008E3790 /* GoogleSignInSwift */,
			);
			productName = finalProjectG11;
			productReference = 800E7FBE29CE63D8008E3790 /* finalProjectG11.app */;
			productType = "com.apple.product-type.application";
		};
/* End PBXNativeTarget section */

/* Begin PBXProject section */
		800E7FB629CE63D8008E3790 /* Project object */ = {
			isa = PBXProject;
			attributes = {
				BuildIndependentTargetsInParallel = 1;
				LastSwiftUpdateCheck = 1420;
				LastUpgradeCheck = 1420;
				TargetAttributes = {
					800E7FBD29CE63D8008E3790 = {
						CreatedOnToolsVersion = 14.2;
					};
				};
			};
			buildConfigurationList = 800E7FB929CE63D8008E3790 /* Build configuration list for PBXProject "finalProjectG11" */;
			compatibilityVersion = "Xcode 14.0";
			developmentRegion = en;
			hasScannedForEncodings = 0;
			knownRegions = (
				en,
				Base,
			);
			mainGroup = 800E7FB529CE63D8008E3790;
			packageReferences = (
				800E7FD129CE64EC008E3790 /* XCRemoteSwiftPackageReference "firebase-ios-sdk" */,
				800E7FF029CE6C46008E3790 /* XCRemoteSwiftPackageReference "GoogleSignIn-iOS" */,
			);
			productRefGroup = 800E7FBF29CE63D8008E3790 /* Products */;
			projectDirPath = "";
			projectRoot = "";
			targets = (
				800E7FBD29CE63D8008E3790 /* finalProjectG11 */,
			);
		};
/* End PBXProject section */

/* Begin PBXResourcesBuildPhase section */
		800E7FBC29CE63D8008E3790 /* Resources */ = {
			isa = PBXResourcesBuildPhase;
			buildActionMask = 2147483647;
			files = (
				800E7FC929CE63D9008E3790 /* Preview Assets.xcassets in Resources */,
				800E7FC629CE63D9008E3790 /* Assets.xcassets in Resources */,
				800E7FD029CE6479008E3790 /* GoogleService-Info.plist in Resources */,
			);
			runOnlyForDeploymentPostprocessing = 0;
		};
/* End PBXResourcesBuildPhase section */

/* Begin PBXSourcesBuildPhase section */
		800E7FBA29CE63D8008E3790 /* Sources */ = {
			isa = PBXSourcesBuildPhase;
			buildActionMask = 2147483647;
			files = (
				800E7FFA29CE894A008E3790 /* SignInView.swift in Sources */,
				8081B5A329D56E72001DD1FE /* BookingHistoryListView.swift in Sources */,
				800E7FFC29CE89DF008E3790 /* FindRidesView.swift in Sources */,
				800E7FC429CE63D8008E3790 /* ContentView.swift in Sources */,
				8FE28C5C29D15B4700A3FDEC /* TripDetailView.swift in Sources */,
				8F3BFEAA29D520AC00B3F210 /* LocationType.swift in Sources */,
				8FE28C5829D1493B00A3FDEC /* TripsListView.swift in Sources */,
				8FE28C6229D162CB00A3FDEC /* Car.swift in Sources */,
				8081B5A129D56DA9001DD1FE /* TripsHistoryListView.swift in Sources */,
				8F8648E829D28EC200480C5A /* RideLocation.swift in Sources */,
				8FC6D77029D2528900E5D6C6 /* FireDBHelper.swift in Sources */,
				800E7FF629CE878E008E3790 /* MainView.swift in Sources */,
				8FE28C5629D1478100A3FDEC /* CustomButton.swift in Sources */,
				800E7FEC29CE6577008E3790 /* SignUpView.swift in Sources */,
				8FE28C6029D15FC800A3FDEC /* RideShareUser.swift in Sources */,
				8FC6D76E29D241CB00E5D6C6 /* ProfileView.swift in Sources */,
				8F8648E629D28E7000480C5A /* LocationHelper.swift in Sources */,
				800E7FC229CE63D8008E3790 /* finalProjectG11App.swift in Sources */,
				8FE28C5329D127DF00A3FDEC /* AccountView.swift in Sources */,
				8FC6D76B29D2349E00E5D6C6 /* CreateTripView.swift in Sources */,
				800E7FF829CE87B7008E3790 /* RootView.swift in Sources */,
				8FE28C5A29D1574B00A3FDEC /* TripItemView.swift in Sources */,
				8F8648E429D27DEF00480C5A /* AddCarView.swift in Sources */,
				8FE28C5E29D15F9700A3FDEC /* Trip.swift in Sources */,
				800E7FFE29CE9103008E3790 /* FireAuthHelper.swift in Sources */,
			);
			runOnlyForDeploymentPostprocessing = 0;
		};
/* End PBXSourcesBuildPhase section */

/* Begin XCBuildConfiguration section */
		800E7FCA29CE63D9008E3790 /* Debug */ = {
			isa = XCBuildConfiguration;
			buildSettings = {
				ALWAYS_SEARCH_USER_PATHS = NO;
				CLANG_ANALYZER_NONNULL = YES;
				CLANG_ANALYZER_NUMBER_OBJECT_CONVERSION = YES_AGGRESSIVE;
				CLANG_CXX_LANGUAGE_STANDARD = "gnu++20";
				CLANG_ENABLE_MODULES = YES;
				CLANG_ENABLE_OBJC_ARC = YES;
				CLANG_ENABLE_OBJC_WEAK = YES;
				CLANG_WARN_BLOCK_CAPTURE_AUTORELEASING = YES;
				CLANG_WARN_BOOL_CONVERSION = YES;
				CLANG_WARN_COMMA = YES;
				CLANG_WARN_CONSTANT_CONVERSION = YES;
				CLANG_WARN_DEPRECATED_OBJC_IMPLEMENTATIONS = YES;
				CLANG_WARN_DIRECT_OBJC_ISA_USAGE = YES_ERROR;
				CLANG_WARN_DOCUMENTATION_COMMENTS = YES;
				CLANG_WARN_EMPTY_BODY = YES;
				CLANG_WARN_ENUM_CONVERSION = YES;
				CLANG_WARN_INFINITE_RECURSION = YES;
				CLANG_WARN_INT_CONVERSION = YES;
				CLANG_WARN_NON_LITERAL_NULL_CONVERSION = YES;
				CLANG_WARN_OBJC_IMPLICIT_RETAIN_SELF = YES;
				CLANG_WARN_OBJC_LITERAL_CONVERSION = YES;
				CLANG_WARN_OBJC_ROOT_CLASS = YES_ERROR;
				CLANG_WARN_QUOTED_INCLUDE_IN_FRAMEWORK_HEADER = YES;
				CLANG_WARN_RANGE_LOOP_ANALYSIS = YES;
				CLANG_WARN_STRICT_PROTOTYPES = YES;
				CLANG_WARN_SUSPICIOUS_MOVE = YES;
				CLANG_WARN_UNGUARDED_AVAILABILITY = YES_AGGRESSIVE;
				CLANG_WARN_UNREACHABLE_CODE = YES;
				CLANG_WARN__DUPLICATE_METHOD_MATCH = YES;
				COPY_PHASE_STRIP = NO;
				DEBUG_INFORMATION_FORMAT = dwarf;
				ENABLE_STRICT_OBJC_MSGSEND = YES;
				ENABLE_TESTABILITY = YES;
				GCC_C_LANGUAGE_STANDARD = gnu11;
				GCC_DYNAMIC_NO_PIC = NO;
				GCC_NO_COMMON_BLOCKS = YES;
				GCC_OPTIMIZATION_LEVEL = 0;
				GCC_PREPROCESSOR_DEFINITIONS = (
					"DEBUG=1",
					"$(inherited)",
				);
				GCC_WARN_64_TO_32_BIT_CONVERSION = YES;
				GCC_WARN_ABOUT_RETURN_TYPE = YES_ERROR;
				GCC_WARN_UNDECLARED_SELECTOR = YES;
				GCC_WARN_UNINITIALIZED_AUTOS = YES_AGGRESSIVE;
				GCC_WARN_UNUSED_FUNCTION = YES;
				GCC_WARN_UNUSED_VARIABLE = YES;
				IPHONEOS_DEPLOYMENT_TARGET = 16.2;
				MTL_ENABLE_DEBUG_INFO = INCLUDE_SOURCE;
				MTL_FAST_MATH = YES;
				ONLY_ACTIVE_ARCH = YES;
				SDKROOT = iphoneos;
				SWIFT_ACTIVE_COMPILATION_CONDITIONS = DEBUG;
				SWIFT_OPTIMIZATION_LEVEL = "-Onone";
			};
			name = Debug;
		};
		800E7FCB29CE63D9008E3790 /* Release */ = {
			isa = XCBuildConfiguration;
			buildSettings = {
				ALWAYS_SEARCH_USER_PATHS = NO;
				CLANG_ANALYZER_NONNULL = YES;
				CLANG_ANALYZER_NUMBER_OBJECT_CONVERSION = YES_AGGRESSIVE;
				CLANG_CXX_LANGUAGE_STANDARD = "gnu++20";
				CLANG_ENABLE_MODULES = YES;
				CLANG_ENABLE_OBJC_ARC = YES;
				CLANG_ENABLE_OBJC_WEAK = YES;
				CLANG_WARN_BLOCK_CAPTURE_AUTORELEASING = YES;
				CLANG_WARN_BOOL_CONVERSION = YES;
				CLANG_WARN_COMMA = YES;
				CLANG_WARN_CONSTANT_CONVERSION = YES;
				CLANG_WARN_DEPRECATED_OBJC_IMPLEMENTATIONS = YES;
				CLANG_WARN_DIRECT_OBJC_ISA_USAGE = YES_ERROR;
				CLANG_WARN_DOCUMENTATION_COMMENTS = YES;
				CLANG_WARN_EMPTY_BODY = YES;
				CLANG_WARN_ENUM_CONVERSION = YES;
				CLANG_WARN_INFINITE_RECURSION = YES;
				CLANG_WARN_INT_CONVERSION = YES;
				CLANG_WARN_NON_LITERAL_NULL_CONVERSION = YES;
				CLANG_WARN_OBJC_IMPLICIT_RETAIN_SELF = YES;
				CLANG_WARN_OBJC_LITERAL_CONVERSION = YES;
				CLANG_WARN_OBJC_ROOT_CLASS = YES_ERROR;
				CLANG_WARN_QUOTED_INCLUDE_IN_FRAMEWORK_HEADER = YES;
				CLANG_WARN_RANGE_LOOP_ANALYSIS = YES;
				CLANG_WARN_STRICT_PROTOTYPES = YES;
				CLANG_WARN_SUSPICIOUS_MOVE = YES;
				CLANG_WARN_UNGUARDED_AVAILABILITY = YES_AGGRESSIVE;
				CLANG_WARN_UNREACHABLE_CODE = YES;
				CLANG_WARN__DUPLICATE_METHOD_MATCH = YES;
				COPY_PHASE_STRIP = NO;
				DEBUG_INFORMATION_FORMAT = "dwarf-with-dsym";
				ENABLE_NS_ASSERTIONS = NO;
				ENABLE_STRICT_OBJC_MSGSEND = YES;
				GCC_C_LANGUAGE_STANDARD = gnu11;
				GCC_NO_COMMON_BLOCKS = YES;
				GCC_WARN_64_TO_32_BIT_CONVERSION = YES;
				GCC_WARN_ABOUT_RETURN_TYPE = YES_ERROR;
				GCC_WARN_UNDECLARED_SELECTOR = YES;
				GCC_WARN_UNINITIALIZED_AUTOS = YES_AGGRESSIVE;
				GCC_WARN_UNUSED_FUNCTION = YES;
				GCC_WARN_UNUSED_VARIABLE = YES;
				IPHONEOS_DEPLOYMENT_TARGET = 16.2;
				MTL_ENABLE_DEBUG_INFO = NO;
				MTL_FAST_MATH = YES;
				SDKROOT = iphoneos;
				SWIFT_COMPILATION_MODE = wholemodule;
				SWIFT_OPTIMIZATION_LEVEL = "-O";
				VALIDATE_PRODUCT = YES;
			};
			name = Release;
		};
		800E7FCD29CE63D9008E3790 /* Debug */ = {
			isa = XCBuildConfiguration;
			buildSettings = {
				ASSETCATALOG_COMPILER_APPICON_NAME = AppIcon;
				ASSETCATALOG_COMPILER_GLOBAL_ACCENT_COLOR_NAME = AccentColor;
				CODE_SIGN_STYLE = Automatic;
				CURRENT_PROJECT_VERSION = 1;
				DEVELOPMENT_ASSET_PATHS = "\"finalProjectG11/Preview Content\"";
				DEVELOPMENT_TEAM = 8CWU8JJACZ;
				ENABLE_PREVIEWS = YES;
				GENERATE_INFOPLIST_FILE = YES;
				INFOPLIST_KEY_CFBundleDisplayName = "Ride Share";
				INFOPLIST_KEY_UIApplicationSceneManifest_Generation = YES;
				INFOPLIST_KEY_UIApplicationSupportsIndirectInputEvents = YES;
				INFOPLIST_KEY_UILaunchScreen_Generation = YES;
				INFOPLIST_KEY_UISupportedInterfaceOrientations_iPad = "UIInterfaceOrientationPortrait UIInterfaceOrientationPortraitUpsideDown UIInterfaceOrientationLandscapeLeft UIInterfaceOrientationLandscapeRight";
				INFOPLIST_KEY_UISupportedInterfaceOrientations_iPhone = "UIInterfaceOrientationPortrait UIInterfaceOrientationLandscapeLeft UIInterfaceOrientationLandscapeRight";
				IPHONEOS_DEPLOYMENT_TARGET = 16.0;
				LD_RUNPATH_SEARCH_PATHS = (
					"$(inherited)",
					"@executable_path/Frameworks",
				);
				MARKETING_VERSION = 1.0;
				PRODUCT_BUNDLE_IDENTIFIER = gbc.finalProjectG11;
				PRODUCT_NAME = "$(TARGET_NAME)";
				SWIFT_EMIT_LOC_STRINGS = YES;
				SWIFT_VERSION = 5.0;
				TARGETED_DEVICE_FAMILY = "1,2";
			};
			name = Debug;
		};
		800E7FCE29CE63D9008E3790 /* Release */ = {
			isa = XCBuildConfiguration;
			buildSettings = {
				ASSETCATALOG_COMPILER_APPICON_NAME = AppIcon;
				ASSETCATALOG_COMPILER_GLOBAL_ACCENT_COLOR_NAME = AccentColor;
				CODE_SIGN_STYLE = Automatic;
				CURRENT_PROJECT_VERSION = 1;
				DEVELOPMENT_ASSET_PATHS = "\"finalProjectG11/Preview Content\"";
				DEVELOPMENT_TEAM = 8CWU8JJACZ;
				ENABLE_PREVIEWS = YES;
				GENERATE_INFOPLIST_FILE = YES;
				INFOPLIST_KEY_CFBundleDisplayName = "Ride Share";
				INFOPLIST_KEY_UIApplicationSceneManifest_Generation = YES;
				INFOPLIST_KEY_UIApplicationSupportsIndirectInputEvents = YES;
				INFOPLIST_KEY_UILaunchScreen_Generation = YES;
				INFOPLIST_KEY_UISupportedInterfaceOrientations_iPad = "UIInterfaceOrientationPortrait UIInterfaceOrientationPortraitUpsideDown UIInterfaceOrientationLandscapeLeft UIInterfaceOrientationLandscapeRight";
				INFOPLIST_KEY_UISupportedInterfaceOrientations_iPhone = "UIInterfaceOrientationPortrait UIInterfaceOrientationLandscapeLeft UIInterfaceOrientationLandscapeRight";
				IPHONEOS_DEPLOYMENT_TARGET = 16.0;
				LD_RUNPATH_SEARCH_PATHS = (
					"$(inherited)",
					"@executable_path/Frameworks",
				);
				MARKETING_VERSION = 1.0;
				PRODUCT_BUNDLE_IDENTIFIER = gbc.finalProjectG11;
				PRODUCT_NAME = "$(TARGET_NAME)";
				SWIFT_EMIT_LOC_STRINGS = YES;
				SWIFT_VERSION = 5.0;
				TARGETED_DEVICE_FAMILY = "1,2";
			};
			name = Release;
		};
/* End XCBuildConfiguration section */

/* Begin XCConfigurationList section */
		800E7FB929CE63D8008E3790 /* Build configuration list for PBXProject "finalProjectG11" */ = {
			isa = XCConfigurationList;
			buildConfigurations = (
				800E7FCA29CE63D9008E3790 /* Debug */,
				800E7FCB29CE63D9008E3790 /* Release */,
			);
			defaultConfigurationIsVisible = 0;
			defaultConfigurationName = Release;
		};
		800E7FCC29CE63D9008E3790 /* Build configuration list for PBXNativeTarget "finalProjectG11" */ = {
			isa = XCConfigurationList;
			buildConfigurations = (
				800E7FCD29CE63D9008E3790 /* Debug */,
				800E7FCE29CE63D9008E3790 /* Release */,
			);
			defaultConfigurationIsVisible = 0;
			defaultConfigurationName = Release;
		};
/* End XCConfigurationList section */

/* Begin XCRemoteSwiftPackageReference section */
		800E7FD129CE64EC008E3790 /* XCRemoteSwiftPackageReference "firebase-ios-sdk" */ = {
			isa = XCRemoteSwiftPackageReference;
			repositoryURL = "https://github.com/firebase/firebase-ios-sdk";
			requirement = {
				branch = master;
				kind = branch;
			};
		};
		800E7FF029CE6C46008E3790 /* XCRemoteSwiftPackageReference "GoogleSignIn-iOS" */ = {
			isa = XCRemoteSwiftPackageReference;
			repositoryURL = "https://github.com/google/GoogleSignIn-iOS";
			requirement = {
				branch = main;
				kind = branch;
			};
		};
/* End XCRemoteSwiftPackageReference section */

/* Begin XCSwiftPackageProductDependency section */
		800E7FD229CE64EC008E3790 /* FirebaseAnalytics */ = {
			isa = XCSwiftPackageProductDependency;
			package = 800E7FD129CE64EC008E3790 /* XCRemoteSwiftPackageReference "firebase-ios-sdk" */;
			productName = FirebaseAnalytics;
		};
		800E7FD429CE64EC008E3790 /* FirebaseAnalyticsSwift */ = {
			isa = XCSwiftPackageProductDependency;
			package = 800E7FD129CE64EC008E3790 /* XCRemoteSwiftPackageReference "firebase-ios-sdk" */;
			productName = FirebaseAnalyticsSwift;
		};
		800E7FD629CE64EC008E3790 /* FirebaseAuth */ = {
			isa = XCSwiftPackageProductDependency;
			package = 800E7FD129CE64EC008E3790 /* XCRemoteSwiftPackageReference "firebase-ios-sdk" */;
			productName = FirebaseAuth;
		};
		800E7FD829CE64EC008E3790 /* FirebaseDatabase */ = {
			isa = XCSwiftPackageProductDependency;
			package = 800E7FD129CE64EC008E3790 /* XCRemoteSwiftPackageReference "firebase-ios-sdk" */;
			productName = FirebaseDatabase;
		};
		800E7FDA29CE64EC008E3790 /* FirebaseDatabaseSwift */ = {
			isa = XCSwiftPackageProductDependency;
			package = 800E7FD129CE64EC008E3790 /* XCRemoteSwiftPackageReference "firebase-ios-sdk" */;
			productName = FirebaseDatabaseSwift;
		};
		800E7FDC29CE64EC008E3790 /* FirebaseFirestore */ = {
			isa = XCSwiftPackageProductDependency;
			package = 800E7FD129CE64EC008E3790 /* XCRemoteSwiftPackageReference "firebase-ios-sdk" */;
			productName = FirebaseFirestore;
		};
		800E7FDE29CE64EC008E3790 /* FirebaseFirestoreSwift */ = {
			isa = XCSwiftPackageProductDependency;
			package = 800E7FD129CE64EC008E3790 /* XCRemoteSwiftPackageReference "firebase-ios-sdk" */;
			productName = FirebaseFirestoreSwift;
		};
		800E7FE029CE64EC008E3790 /* FirebaseInAppMessaging-Beta */ = {
			isa = XCSwiftPackageProductDependency;
			package = 800E7FD129CE64EC008E3790 /* XCRemoteSwiftPackageReference "firebase-ios-sdk" */;
			productName = "FirebaseInAppMessaging-Beta";
		};
		800E7FE229CE64EC008E3790 /* FirebaseInAppMessagingSwift-Beta */ = {
			isa = XCSwiftPackageProductDependency;
			package = 800E7FD129CE64EC008E3790 /* XCRemoteSwiftPackageReference "firebase-ios-sdk" */;
			productName = "FirebaseInAppMessagingSwift-Beta";
		};
		800E7FE429CE64EC008E3790 /* FirebaseMessaging */ = {
			isa = XCSwiftPackageProductDependency;
			package = 800E7FD129CE64EC008E3790 /* XCRemoteSwiftPackageReference "firebase-ios-sdk" */;
			productName = FirebaseMessaging;
		};
		800E7FE629CE64EC008E3790 /* FirebaseStorage */ = {
			isa = XCSwiftPackageProductDependency;
			package = 800E7FD129CE64EC008E3790 /* XCRemoteSwiftPackageReference "firebase-ios-sdk" */;
			productName = FirebaseStorage;
		};
		800E7FEE29CE67AC008E3790 /* FirebaseAuthCombine-Community */ = {
			isa = XCSwiftPackageProductDependency;
			package = 800E7FD129CE64EC008E3790 /* XCRemoteSwiftPackageReference "firebase-ios-sdk" */;
			productName = "FirebaseAuthCombine-Community";
		};
		800E7FF129CE6C46008E3790 /* GoogleSignIn */ = {
			isa = XCSwiftPackageProductDependency;
			package = 800E7FF029CE6C46008E3790 /* XCRemoteSwiftPackageReference "GoogleSignIn-iOS" */;
			productName = GoogleSignIn;
		};
		800E7FF329CE6C46008E3790 /* GoogleSignInSwift */ = {
			isa = XCSwiftPackageProductDependency;
			package = 800E7FF029CE6C46008E3790 /* XCRemoteSwiftPackageReference "GoogleSignIn-iOS" */;
			productName = GoogleSignInSwift;
		};
/* End XCSwiftPackageProductDependency section */
	};
	rootObject = 800E7FB629CE63D8008E3790 /* Project object */;
}
